// !$*UTF8*$!
{
	archiveVersion = 1;
	classes = {
	};
	objectVersion = 46;
	objects = {

/* Begin PBXBuildFile section */
		843B71F61E48D9BF00DE98F8 /* AppDelegate.swift in Sources */ = {isa = PBXBuildFile; fileRef = 843B71F51E48D9BF00DE98F8 /* AppDelegate.swift */; };
		843B71F81E48D9BF00DE98F8 /* ViewController.swift in Sources */ = {isa = PBXBuildFile; fileRef = 843B71F71E48D9BF00DE98F8 /* ViewController.swift */; };
		843B71FB1E48D9BF00DE98F8 /* Main.storyboard in Resources */ = {isa = PBXBuildFile; fileRef = 843B71F91E48D9BF00DE98F8 /* Main.storyboard */; };
		843B71FD1E48D9BF00DE98F8 /* Assets.xcassets in Resources */ = {isa = PBXBuildFile; fileRef = 843B71FC1E48D9BF00DE98F8 /* Assets.xcassets */; };
		843B72001E48D9BF00DE98F8 /* LaunchScreen.storyboard in Resources */ = {isa = PBXBuildFile; fileRef = 843B71FE1E48D9BF00DE98F8 /* LaunchScreen.storyboard */; };
		843B720A1E48EEF100DE98F8 /* HtmlCode.html in Resources */ = {isa = PBXBuildFile; fileRef = 843B72091E48EEF100DE98F8 /* HtmlCode.html */; };
/* End PBXBuildFile section */

/* Begin PBXFileReference section */
		843B71F21E48D9BF00DE98F8 /* WebView2.app */ = {isa = PBXFileReference; explicitFileType = wrapper.application; includeInIndex = 0; path = WebView2.app; sourceTree = BUILT_PRODUCTS_DIR; };
		843B71F51E48D9BF00DE98F8 /* AppDelegate.swift */ = {isa = PBXFileReference; lastKnownFileType = sourcecode.swift; path = AppDelegate.swift; sourceTree = "<group>"; };
		843B71F71E48D9BF00DE98F8 /* ViewController.swift */ = {isa = PBXFileReference; lastKnownFileType = sourcecode.swift; path = ViewController.swift; sourceTree = "<group>"; };
		843B71FA1E48D9BF00DE98F8 /* Base */ = {isa = PBXFileReference; lastKnownFileType = file.storyboard; name = Base; path = Base.lproj/Main.storyboard; sourceTree = "<group>"; };
		843B71FC1E48D9BF00DE98F8 /* Assets.xcassets */ = {isa = PBXFileReference; lastKnownFileType = folder.assetcatalog; path = Assets.xcassets; sourceTree = "<group>"; };
		843B71FF1E48D9BF00DE98F8 /* Base */ = {isa = PBXFileReference; lastKnownFileType = file.storyboard; name = Base; path = Base.lproj/LaunchScreen.storyboard; sourceTree = "<group>"; };
		843B72011E48D9BF00DE98F8 /* Info.plist */ = {isa = PBXFileReference; lastKnownFileType = text.plist.xml; path = Info.plist; sourceTree = "<group>"; };
		843B72091E48EEF100DE98F8 /* HtmlCode.html */ = {isa = PBXFileReference; fileEncoding = 4; lastKnownFileType = text.html; name = HtmlCode.html; path = ../HtmlCode.html; sourceTree = "<group>"; };
/* End PBXFileReference section */

/* Begin PBXFrameworksBuildPhase section */
		843B71EF1E48D9BF00DE98F8 /* Frameworks */ = {
			isa = PBXFrameworksBuildPhase;
			buildActionMask = 2147483647;
			files = (
			);
			runOnlyForDeploymentPostprocessing = 0;
		};
/* End PBXFrameworksBuildPhase section */

/* Begin PBXGroup section */
		843B71E91E48D9BF00DE98F8 = {
			isa = PBXGroup;
			children = (
				843B71F41E48D9BF00DE98F8 /* WebView2 */,
				843B71F31E48D9BF00DE98F8 /* Products */,
			);
			sourceTree = "<group>";
		};
		843B71F31E48D9BF00DE98F8 /* Products */ = {
			isa = PBXGroup;
			children = (
				843B71F21E48D9BF00DE98F8 /* WebView2.app */,
			);
			name = Products;
			sourceTree = "<group>";
		};
		843B71F41E48D9BF00DE98F8 /* WebView2 */ = {
			isa = PBXGroup;
			children = (
				843B71F51E48D9BF00DE98F8 /* AppDelegate.swift */,
				843B72091E48EEF100DE98F8 /* HtmlCode.html */,
				843B71F71E48D9BF00DE98F8 /* ViewController.swift */,
				843B71F91E48D9BF00DE98F8 /* Main.storyboard */,
				843B71FC1E48D9BF00DE98F8 /* Assets.xcassets */,
				843B71FE1E48D9BF00DE98F8 /* LaunchScreen.storyboard */,
				843B72011E48D9BF00DE98F8 /* Info.plist */,
			);
			path = WebView2;
			sourceTree = "<group>";
		};
/* End PBXGroup section */

/* Begin PBXNativeTarget section */
		843B71F11E48D9BF00DE98F8 /* WebView2 */ = {
			isa = PBXNativeTarget;
			buildConfigurationList = 843B72041E48D9BF00DE98F8 /* Build configuration list for PBXNativeTarget "WebView2" */;
			buildPhases = (
				843B71EE1E48D9BF00DE98F8 /* Sources */,
				843B71EF1E48D9BF00DE98F8 /* Frameworks */,
				843B71F01E48D9BF00DE98F8 /* Resources */,
			);
			buildRules = (
			);
			dependencies = (
			);
			name = WebView2;
			productName = WebView2;
			productReference = 843B71F21E48D9BF00DE98F8 /* WebView2.app */;
			productType = "com.apple.product-type.application";
		};
/* End PBXNativeTarget section */

/* Begin PBXProject section */
		843B71EA1E48D9BF00DE98F8 /* Project object */ = {
			isa = PBXProject;
			attributes = {
				LastSwiftUpdateCheck = 0820;
				LastUpgradeCheck = 0820;
				ORGANIZATIONNAME = "Desarrollo App Wexford";
				TargetAttributes = {
					843B71F11E48D9BF00DE98F8 = {
						CreatedOnToolsVersion = 8.2;
						DevelopmentTeam = 8XA58BLP47;
						ProvisioningStyle = Automatic;
					};
				};
			};
			buildConfigurationList = 843B71ED1E48D9BF00DE98F8 /* Build configuration list for PBXProject "WebView2" */;
			compatibilityVersion = "Xcode 3.2";
			developmentRegion = English;
			hasScannedForEncodings = 0;
			knownRegions = (
				en,
				Base,
			);
			mainGroup = 843B71E91E48D9BF00DE98F8;
			productRefGroup = 843B71F31E48D9BF00DE98F8 /* Products */;
			projectDirPath = "";
			projectRoot = "";
			targets = (
				843B71F11E48D9BF00DE98F8 /* WebView2 */,
			);
		};
/* End PBXProject section */

/* Begin PBXResourcesBuildPhase section */
		843B71F01E48D9BF00DE98F8 /* Resources */ = {
			isa = PBXResourcesBuildPhase;
			buildActionMask = 2147483647;
			files = (
				843B720A1E48EEF100DE98F8 /* HtmlCode.html in Resources */,
				843B72001E48D9BF00DE98F8 /* LaunchScreen.storyboard in Resources */,
				843B71FD1E48D9BF00DE98F8 /* Assets.xcassets in Resources */,
				843B71FB1E48D9BF00DE98F8 /* Main.storyboard in Resources */,
			);
			runOnlyForDeploymentPostprocessing = 0;
		};
/* End PBXResourcesBuildPhase section */

/* Begin PBXSourcesBuildPhase section */
		843B71EE1E48D9BF00DE98F8 /* Sources */ = {
			isa = PBXSourcesBuildPhase;
			buildActionMask = 2147483647;
			files = (
				843B71F81E48D9BF00DE98F8 /* ViewController.swift in Sources */,
				843B71F61E48D9BF00DE98F8 /* AppDelegate.swift in Sources */,
			);
			runOnlyForDeploymentPostprocessing = 0;
		};
/* End PBXSourcesBuildPhase section */

/* Begin PBXVariantGroup section */
		843B71F91E48D9BF00DE98F8 /* Main.storyboard */ = {
			isa = PBXVariantGroup;
			children = (
				843B71FA1E48D9BF00DE98F8 /* Base */,
			);
			name = Main.storyboard;
			sourceTree = "<group>";
		};
		843B71FE1E48D9BF00DE98F8 /* LaunchScreen.storyboard */ = {
			isa = PBXVariantGroup;
			children = (
				843B71FF1E48D9BF00DE98F8 /* Base */,
			);
			name = LaunchScreen.storyboard;
			sourceTree = "<group>";
		};
/* End PBXVariantGroup section */

/* Begin XCBuildConfiguration section */
		843B72021E48D9BF00DE98F8 /* Debug */ = {
			isa = XCBuildConfiguration;
			buildSettings = {
				ALWAYS_SEARCH_USER_PATHS = NO;
				CLANG_ANALYZER_NONNULL = YES;
				CLANG_CXX_LANGUAGE_STANDARD = "gnu++0x";
				CLANG_CXX_LIBRARY = "libc++";
				CLANG_ENABLE_MODULES = YES;
				CLANG_ENABLE_OBJC_ARC = YES;
				CLANG_WARN_BOOL_CONVERSION = YES;
				CLANG_WARN_CONSTANT_CONVERSION = YES;
				CLANG_WARN_DIRECT_OBJC_ISA_USAGE = YES_ERROR;
				CLANG_WARN_DOCUMENTATION_COMMENTS = YES;
				CLANG_WARN_EMPTY_BODY = YES;
				CLANG_WARN_ENUM_CONVERSION = YES;
				CLANG_WARN_INFINITE_RECURSION = YES;
				CLANG_WARN_INT_CONVERSION = YES;
				CLANG_WARN_OBJC_ROOT_CLASS = YES_ERROR;
				CLANG_WARN_SUSPICIOUS_MOVE = YES;
				CLANG_WARN_UNREACHABLE_CODE = YES;
				CLANG_WARN__DUPLICATE_METHOD_MATCH = YES;
				"CODE_SIGN_IDENTITY[sdk=iphoneos*]" = "iPhone Developer";
				COPY_PHASE_STRIP = NO;
				DEBUG_INFORMATION_FORMAT = dwarf;
				ENABLE_STRICT_OBJC_MSGSEND = YES;
				ENABLE_TESTABILITY = YES;
				GCC_C_LANGUAGE_STANDARD = gnu99;
				GCC_DYNAMIC_NO_PIC = NO;
				GCC_NO_COMMON_BLOCKS = YES;
				GCC_OPTIMIZATION_LEVEL = 0;
				GCC_PREPROCESSOR_DEFINITIONS = (
					"DEBUG=1",
					"$(inherited)",
				);
				GCC_WARN_64_TO_32_BIT_CONVERSION = YES;
				GCC_WARN_ABOUT_RETURN_TYPE = YES_ERROR;
				GCC_WARN_UNDECLARED_SELECTOR = YES;
				GCC_WARN_UNINITIALIZED_AUTOS = YES_AGGRESSIVE;
				GCC_WARN_UNUSED_FUNCTION = YES;
				GCC_WARN_UNUSED_VARIABLE = YES;
				IPHONEOS_DEPLOYMENT_TARGET = 10.2;
				MTL_ENABLE_DEBUG_INFO = YES;
				ONLY_ACTIVE_ARCH = YES;
				SDKROOT = iphoneos;
				SWIFT_ACTIVE_COMPILATION_CONDITIONS = DEBUG;
				SWIFT_OPTIMIZATION_LEVEL = "-Onone";
				TARGETED_DEVICE_FAMILY = 2;
			};
			name = Debug;
		};
		843B72031E48D9BF00DE98F8 /* Release */ = {
			isa = XCBuildConfiguration;
			buildSettings = {
				ALWAYS_SEARCH_USER_PATHS = NO;
				CLANG_ANALYZER_NONNULL = YES;
				CLANG_CXX_LANGUAGE_STANDARD = "gnu++0x";
				CLANG_CXX_LIBRARY = "libc++";
				CLANG_ENABLE_MODULES = YES;
				CLANG_ENABLE_OBJC_ARC = YES;
				CLANG_WARN_BOOL_CONVERSION = YES;
				CLANG_WARN_CONSTANT_CONVERSION = YES;
				CLANG_WARN_DIRECT_OBJC_ISA_USAGE = YES_ERROR;
				CLANG_WARN_DOCUMENTATION_COMMENTS = YES;
				CLANG_WARN_EMPTY_BODY = YES;
				CLANG_WARN_ENUM_CONVERSION = YES;
				CLANG_WARN_INFINITE_RECURSION = YES;
				CLANG_WARN_INT_CONVERSION = YES;
				CLANG_WARN_OBJC_ROOT_CLASS = YES_ERROR;
				CLANG_WARN_SUSPICIOUS_MOVE = YES;
				CLANG_WARN_UNREACHABLE_CODE = YES;
				CLANG_WARN__DUPLICATE_METHOD_MATCH = YES;
				"CODE_SIGN_IDENTITY[sdk=iphoneos*]" = "iPhone Developer";
				COPY_PHASE_STRIP = NO;
				DEBUG_INFORMATION_FORMAT = "dwarf-with-dsym";
				ENABLE_NS_ASSERTIONS = NO;
				ENABLE_STRICT_OBJC_MSGSEND = YES;
				GCC_C_LANGUAGE_STANDARD = gnu99;
				GCC_NO_COMMON_BLOCKS = YES;
				GCC_WARN_64_TO_32_BIT_CONVERSION = YES;
				GCC_WARN_ABOUT_RETURN_TYPE = YES_ERROR;
				GCC_WARN_UNDECLARED_SELECTOR = YES;
				GCC_WARN_UNINITIALIZED_AUTOS = YES_AGGRESSIVE;
				GCC_WARN_UNUSED_FUNCTION = YES;
				GCC_WARN_UNUSED_VARIABLE = YES;
				IPHONEOS_DEPLOYMENT_TARGET = 10.2;
				MTL_ENABLE_DEBUG_INFO = NO;
				SDKROOT = iphoneos;
				SWIFT_OPTIMIZATION_LEVEL = "-Owholemodule";
				TARGETED_DEVICE_FAMILY = 2;
				VALIDATE_PRODUCT = YES;
			};
			name = Release;
		};
		843B72051E48D9BF00DE98F8 /* Debug */ = {
			isa = XCBuildConfiguration;
			buildSettings = {
				ASSETCATALOG_COMPILER_APPICON_NAME = AppIcon;
				DEVELOPMENT_TEAM = 8XA58BLP47;
				INFOPLIST_FILE = WebView2/Info.plist;
				IPHONEOS_DEPLOYMENT_TARGET = 9.0;
				LD_RUNPATH_SEARCH_PATHS = "$(inherited) @executable_path/Frameworks";
				PRODUCT_BUNDLE_IDENTIFIER = com.wexford.WebView2;
				PRODUCT_NAME = "$(TARGET_NAME)";
				SWIFT_VERSION = 3.0;
			};
			name = Debug;
		};
		843B72061E48D9BF00DE98F8 /* Release */ = {
			isa = XCBuildConfiguration;
			buildSettings = {
				ASSETCATALOG_COMPILER_APPICON_NAME = AppIcon;
				DEVELOPMENT_TEAM = 8XA58BLP47;
				INFOPLIST_FILE = WebView2/Info.plist;
				IPHONEOS_DEPLOYMENT_TARGET = 9.0;
				LD_RUNPATH_SEARCH_PATHS = "$(inherited) @executable_path/Frameworks";
				PRODUCT_BUNDLE_IDENTIFIER = com.wexford.WebView2;
				PRODUCT_NAME = "$(TARGET_NAME)";
				SWIFT_VERSION = 3.0;
			};
			name = Release;
		};
/* End XCBuildConfiguration section */

/* Begin XCConfigurationList section */
		843B71ED1E48D9BF00DE98F8 /* Build configuration list for PBXProject "WebView2" */ = {
			isa = XCConfigurationList;
			buildConfigurations = (
				843B72021E48D9BF00DE98F8 /* Debug */,
				843B72031E48D9BF00DE98F8 /* Release */,
			);
			defaultConfigurationIsVisible = 0;
			defaultConfigurationName = Release;
		};
		843B72041E48D9BF00DE98F8 /* Build configuration list for PBXNativeTarget "WebView2" */ = {
			isa = XCConfigurationList;
			buildConfigurations = (
				843B72051E48D9BF00DE98F8 /* Debug */,
				843B72061E48D9BF00DE98F8 /* Release */,
			);
			defaultConfigurationIsVisible = 0;
		};
/* End XCConfigurationList section */
	};
	rootObject = 843B71EA1E48D9BF00DE98F8 /* Project object */;
}
