// !$*UTF8*$!
{
	archiveVersion = 1;
	classes = {
	};
	objectVersion = 46;
	objects = {

/* Begin PBXBuildFile section */
		8428EE8C1E29CBA60036D697 /* MusicListVC.swift in Sources */ = {isa = PBXBuildFile; fileRef = 8428EE8B1E29CBA60036D697 /* MusicListVC.swift */; };
		84C9DF911E29C75B002E5D33 /* AppDelegate.swift in Sources */ = {isa = PBXBuildFile; fileRef = 84C9DF901E29C75B002E5D33 /* AppDelegate.swift */; };
		84C9DF931E29C75B002E5D33 /* LoginVC.swift in Sources */ = {isa = PBXBuildFile; fileRef = 84C9DF921E29C75B002E5D33 /* LoginVC.swift */; };
		84C9DF961E29C75B002E5D33 /* Main.storyboard in Resources */ = {isa = PBXBuildFile; fileRef = 84C9DF941E29C75B002E5D33 /* Main.storyboard */; };
		84C9DF981E29C75B002E5D33 /* Assets.xcassets in Resources */ = {isa = PBXBuildFile; fileRef = 84C9DF971E29C75B002E5D33 /* Assets.xcassets */; };
		84C9DF9B1E29C75B002E5D33 /* LaunchScreen.storyboard in Resources */ = {isa = PBXBuildFile; fileRef = 84C9DF991E29C75B002E5D33 /* LaunchScreen.storyboard */; };
		84C9DFA61E29C75B002E5D33 /* swaping2Tests.swift in Sources */ = {isa = PBXBuildFile; fileRef = 84C9DFA51E29C75B002E5D33 /* swaping2Tests.swift */; };
		84C9DFB11E29C75B002E5D33 /* swaping2UITests.swift in Sources */ = {isa = PBXBuildFile; fileRef = 84C9DFB01E29C75B002E5D33 /* swaping2UITests.swift */; };
		84FE60111E29DFDB00F724DA /* PlaySongVC.swift in Sources */ = {isa = PBXBuildFile; fileRef = 84FE60101E29DFDB00F724DA /* PlaySongVC.swift */; };
/* End PBXBuildFile section */

/* Begin PBXContainerItemProxy section */
		84C9DFA21E29C75B002E5D33 /* PBXContainerItemProxy */ = {
			isa = PBXContainerItemProxy;
			containerPortal = 84C9DF851E29C75B002E5D33 /* Project object */;
			proxyType = 1;
			remoteGlobalIDString = 84C9DF8C1E29C75B002E5D33;
			remoteInfo = swaping2;
		};
		84C9DFAD1E29C75B002E5D33 /* PBXContainerItemProxy */ = {
			isa = PBXContainerItemProxy;
			containerPortal = 84C9DF851E29C75B002E5D33 /* Project object */;
			proxyType = 1;
			remoteGlobalIDString = 84C9DF8C1E29C75B002E5D33;
			remoteInfo = swaping2;
		};
/* End PBXContainerItemProxy section */

/* Begin PBXFileReference section */
		8428EE8B1E29CBA60036D697 /* MusicListVC.swift */ = {isa = PBXFileReference; fileEncoding = 4; lastKnownFileType = sourcecode.swift; path = MusicListVC.swift; sourceTree = "<group>"; };
		84C9DF8D1E29C75B002E5D33 /* swaping2.app */ = {isa = PBXFileReference; explicitFileType = wrapper.application; includeInIndex = 0; path = swaping2.app; sourceTree = BUILT_PRODUCTS_DIR; };
		84C9DF901E29C75B002E5D33 /* AppDelegate.swift */ = {isa = PBXFileReference; lastKnownFileType = sourcecode.swift; path = AppDelegate.swift; sourceTree = "<group>"; };
		84C9DF921E29C75B002E5D33 /* LoginVC.swift */ = {isa = PBXFileReference; lastKnownFileType = sourcecode.swift; path = LoginVC.swift; sourceTree = "<group>"; };
		84C9DF951E29C75B002E5D33 /* Base */ = {isa = PBXFileReference; lastKnownFileType = file.storyboard; name = Base; path = Base.lproj/Main.storyboard; sourceTree = "<group>"; };
		84C9DF971E29C75B002E5D33 /* Assets.xcassets */ = {isa = PBXFileReference; lastKnownFileType = folder.assetcatalog; path = Assets.xcassets; sourceTree = "<group>"; };
		84C9DF9A1E29C75B002E5D33 /* Base */ = {isa = PBXFileReference; lastKnownFileType = file.storyboard; name = Base; path = Base.lproj/LaunchScreen.storyboard; sourceTree = "<group>"; };
		84C9DF9C1E29C75B002E5D33 /* Info.plist */ = {isa = PBXFileReference; lastKnownFileType = text.plist.xml; path = Info.plist; sourceTree = "<group>"; };
		84C9DFA11E29C75B002E5D33 /* swaping2Tests.xctest */ = {isa = PBXFileReference; explicitFileType = wrapper.cfbundle; includeInIndex = 0; path = swaping2Tests.xctest; sourceTree = BUILT_PRODUCTS_DIR; };
		84C9DFA51E29C75B002E5D33 /* swaping2Tests.swift */ = {isa = PBXFileReference; lastKnownFileType = sourcecode.swift; path = swaping2Tests.swift; sourceTree = "<group>"; };
		84C9DFA71E29C75B002E5D33 /* Info.plist */ = {isa = PBXFileReference; lastKnownFileType = text.plist.xml; path = Info.plist; sourceTree = "<group>"; };
		84C9DFAC1E29C75B002E5D33 /* swaping2UITests.xctest */ = {isa = PBXFileReference; explicitFileType = wrapper.cfbundle; includeInIndex = 0; path = swaping2UITests.xctest; sourceTree = BUILT_PRODUCTS_DIR; };
		84C9DFB01E29C75B002E5D33 /* swaping2UITests.swift */ = {isa = PBXFileReference; lastKnownFileType = sourcecode.swift; path = swaping2UITests.swift; sourceTree = "<group>"; };
		84C9DFB21E29C75B002E5D33 /* Info.plist */ = {isa = PBXFileReference; lastKnownFileType = text.plist.xml; path = Info.plist; sourceTree = "<group>"; };
		84FE60101E29DFDB00F724DA /* PlaySongVC.swift */ = {isa = PBXFileReference; fileEncoding = 4; lastKnownFileType = sourcecode.swift; path = PlaySongVC.swift; sourceTree = "<group>"; };
/* End PBXFileReference section */

/* Begin PBXFrameworksBuildPhase section */
		84C9DF8A1E29C75B002E5D33 /* Frameworks */ = {
			isa = PBXFrameworksBuildPhase;
			buildActionMask = 2147483647;
			files = (
			);
			runOnlyForDeploymentPostprocessing = 0;
		};
		84C9DF9E1E29C75B002E5D33 /* Frameworks */ = {
			isa = PBXFrameworksBuildPhase;
			buildActionMask = 2147483647;
			files = (
			);
			runOnlyForDeploymentPostprocessing = 0;
		};
		84C9DFA91E29C75B002E5D33 /* Frameworks */ = {
			isa = PBXFrameworksBuildPhase;
			buildActionMask = 2147483647;
			files = (
			);
			runOnlyForDeploymentPostprocessing = 0;
		};
/* End PBXFrameworksBuildPhase section */

/* Begin PBXGroup section */
		84C9DF841E29C75B002E5D33 = {
			isa = PBXGroup;
			children = (
				84C9DF8F1E29C75B002E5D33 /* swaping2 */,
				84C9DFA41E29C75B002E5D33 /* swaping2Tests */,
				84C9DFAF1E29C75B002E5D33 /* swaping2UITests */,
				84C9DF8E1E29C75B002E5D33 /* Products */,
			);
			sourceTree = "<group>";
		};
		84C9DF8E1E29C75B002E5D33 /* Products */ = {
			isa = PBXGroup;
			children = (
				84C9DF8D1E29C75B002E5D33 /* swaping2.app */,
				84C9DFA11E29C75B002E5D33 /* swaping2Tests.xctest */,
				84C9DFAC1E29C75B002E5D33 /* swaping2UITests.xctest */,
			);
			name = Products;
			sourceTree = "<group>";
		};
		84C9DF8F1E29C75B002E5D33 /* swaping2 */ = {
			isa = PBXGroup;
			children = (
				84C9DF901E29C75B002E5D33 /* AppDelegate.swift */,
				84C9DF921E29C75B002E5D33 /* LoginVC.swift */,
				8428EE8B1E29CBA60036D697 /* MusicListVC.swift */,
				84FE60101E29DFDB00F724DA /* PlaySongVC.swift */,
				84C9DF941E29C75B002E5D33 /* Main.storyboard */,
				84C9DF971E29C75B002E5D33 /* Assets.xcassets */,
				84C9DF991E29C75B002E5D33 /* LaunchScreen.storyboard */,
				84C9DF9C1E29C75B002E5D33 /* Info.plist */,
			);
			path = swaping2;
			sourceTree = "<group>";
		};
		84C9DFA41E29C75B002E5D33 /* swaping2Tests */ = {
			isa = PBXGroup;
			children = (
				84C9DFA51E29C75B002E5D33 /* swaping2Tests.swift */,
				84C9DFA71E29C75B002E5D33 /* Info.plist */,
			);
			path = swaping2Tests;
			sourceTree = "<group>";
		};
		84C9DFAF1E29C75B002E5D33 /* swaping2UITests */ = {
			isa = PBXGroup;
			children = (
				84C9DFB01E29C75B002E5D33 /* swaping2UITests.swift */,
				84C9DFB21E29C75B002E5D33 /* Info.plist */,
			);
			path = swaping2UITests;
			sourceTree = "<group>";
		};
/* End PBXGroup section */

/* Begin PBXNativeTarget section */
		84C9DF8C1E29C75B002E5D33 /* swaping2 */ = {
			isa = PBXNativeTarget;
			buildConfigurationList = 84C9DFB51E29C75B002E5D33 /* Build configuration list for PBXNativeTarget "swaping2" */;
			buildPhases = (
				84C9DF891E29C75B002E5D33 /* Sources */,
				84C9DF8A1E29C75B002E5D33 /* Frameworks */,
				84C9DF8B1E29C75B002E5D33 /* Resources */,
			);
			buildRules = (
			);
			dependencies = (
			);
			name = swaping2;
			productName = swaping2;
			productReference = 84C9DF8D1E29C75B002E5D33 /* swaping2.app */;
			productType = "com.apple.product-type.application";
		};
		84C9DFA01E29C75B002E5D33 /* swaping2Tests */ = {
			isa = PBXNativeTarget;
			buildConfigurationList = 84C9DFB81E29C75B002E5D33 /* Build configuration list for PBXNativeTarget "swaping2Tests" */;
			buildPhases = (
				84C9DF9D1E29C75B002E5D33 /* Sources */,
				84C9DF9E1E29C75B002E5D33 /* Frameworks */,
				84C9DF9F1E29C75B002E5D33 /* Resources */,
			);
			buildRules = (
			);
			dependencies = (
				84C9DFA31E29C75B002E5D33 /* PBXTargetDependency */,
			);
			name = swaping2Tests;
			productName = swaping2Tests;
			productReference = 84C9DFA11E29C75B002E5D33 /* swaping2Tests.xctest */;
			productType = "com.apple.product-type.bundle.unit-test";
		};
		84C9DFAB1E29C75B002E5D33 /* swaping2UITests */ = {
			isa = PBXNativeTarget;
			buildConfigurationList = 84C9DFBB1E29C75B002E5D33 /* Build configuration list for PBXNativeTarget "swaping2UITests" */;
			buildPhases = (
				84C9DFA81E29C75B002E5D33 /* Sources */,
				84C9DFA91E29C75B002E5D33 /* Frameworks */,
				84C9DFAA1E29C75B002E5D33 /* Resources */,
			);
			buildRules = (
			);
			dependencies = (
				84C9DFAE1E29C75B002E5D33 /* PBXTargetDependency */,
			);
			name = swaping2UITests;
			productName = swaping2UITests;
			productReference = 84C9DFAC1E29C75B002E5D33 /* swaping2UITests.xctest */;
			productType = "com.apple.product-type.bundle.ui-testing";
		};
/* End PBXNativeTarget section */

/* Begin PBXProject section */
		84C9DF851E29C75B002E5D33 /* Project object */ = {
			isa = PBXProject;
			attributes = {
				LastSwiftUpdateCheck = 0820;
				LastUpgradeCheck = 0820;
				ORGANIZATIONNAME = "Desarrollo App Wexford";
				TargetAttributes = {
					84C9DF8C1E29C75B002E5D33 = {
						CreatedOnToolsVersion = 8.2;
						DevelopmentTeam = 8XA58BLP47;
						ProvisioningStyle = Automatic;
					};
					84C9DFA01E29C75B002E5D33 = {
						CreatedOnToolsVersion = 8.2;
						DevelopmentTeam = 8XA58BLP47;
						ProvisioningStyle = Automatic;
						TestTargetID = 84C9DF8C1E29C75B002E5D33;
					};
					84C9DFAB1E29C75B002E5D33 = {
						CreatedOnToolsVersion = 8.2;
						DevelopmentTeam = 8XA58BLP47;
						ProvisioningStyle = Automatic;
						TestTargetID = 84C9DF8C1E29C75B002E5D33;
					};
				};
			};
			buildConfigurationList = 84C9DF881E29C75B002E5D33 /* Build configuration list for PBXProject "swaping2" */;
			compatibilityVersion = "Xcode 3.2";
			developmentRegion = English;
			hasScannedForEncodings = 0;
			knownRegions = (
				en,
				Base,
			);
			mainGroup = 84C9DF841E29C75B002E5D33;
			productRefGroup = 84C9DF8E1E29C75B002E5D33 /* Products */;
			projectDirPath = "";
			projectRoot = "";
			targets = (
				84C9DF8C1E29C75B002E5D33 /* swaping2 */,
				84C9DFA01E29C75B002E5D33 /* swaping2Tests */,
				84C9DFAB1E29C75B002E5D33 /* swaping2UITests */,
			);
		};
/* End PBXProject section */

/* Begin PBXResourcesBuildPhase section */
		84C9DF8B1E29C75B002E5D33 /* Resources */ = {
			isa = PBXResourcesBuildPhase;
			buildActionMask = 2147483647;
			files = (
				84C9DF9B1E29C75B002E5D33 /* LaunchScreen.storyboard in Resources */,
				84C9DF981E29C75B002E5D33 /* Assets.xcassets in Resources */,
				84C9DF961E29C75B002E5D33 /* Main.storyboard in Resources */,
			);
			runOnlyForDeploymentPostprocessing = 0;
		};
		84C9DF9F1E29C75B002E5D33 /* Resources */ = {
			isa = PBXResourcesBuildPhase;
			buildActionMask = 2147483647;
			files = (
			);
			runOnlyForDeploymentPostprocessing = 0;
		};
		84C9DFAA1E29C75B002E5D33 /* Resources */ = {
			isa = PBXResourcesBuildPhase;
			buildActionMask = 2147483647;
			files = (
			);
			runOnlyForDeploymentPostprocessing = 0;
		};
/* End PBXResourcesBuildPhase section */

/* Begin PBXSourcesBuildPhase section */
		84C9DF891E29C75B002E5D33 /* Sources */ = {
			isa = PBXSourcesBuildPhase;
			buildActionMask = 2147483647;
			files = (
				8428EE8C1E29CBA60036D697 /* MusicListVC.swift in Sources */,
				84FE60111E29DFDB00F724DA /* PlaySongVC.swift in Sources */,
				84C9DF931E29C75B002E5D33 /* LoginVC.swift in Sources */,
				84C9DF911E29C75B002E5D33 /* AppDelegate.swift in Sources */,
			);
			runOnlyForDeploymentPostprocessing = 0;
		};
		84C9DF9D1E29C75B002E5D33 /* Sources */ = {
			isa = PBXSourcesBuildPhase;
			buildActionMask = 2147483647;
			files = (
				84C9DFA61E29C75B002E5D33 /* swaping2Tests.swift in Sources */,
			);
			runOnlyForDeploymentPostprocessing = 0;
		};
		84C9DFA81E29C75B002E5D33 /* Sources */ = {
			isa = PBXSourcesBuildPhase;
			buildActionMask = 2147483647;
			files = (
				84C9DFB11E29C75B002E5D33 /* swaping2UITests.swift in Sources */,
			);
			runOnlyForDeploymentPostprocessing = 0;
		};
/* End PBXSourcesBuildPhase section */

/* Begin PBXTargetDependency section */
		84C9DFA31E29C75B002E5D33 /* PBXTargetDependency */ = {
			isa = PBXTargetDependency;
			target = 84C9DF8C1E29C75B002E5D33 /* swaping2 */;
			targetProxy = 84C9DFA21E29C75B002E5D33 /* PBXContainerItemProxy */;
		};
		84C9DFAE1E29C75B002E5D33 /* PBXTargetDependency */ = {
			isa = PBXTargetDependency;
			target = 84C9DF8C1E29C75B002E5D33 /* swaping2 */;
			targetProxy = 84C9DFAD1E29C75B002E5D33 /* PBXContainerItemProxy */;
		};
/* End PBXTargetDependency section */

/* Begin PBXVariantGroup section */
		84C9DF941E29C75B002E5D33 /* Main.storyboard */ = {
			isa = PBXVariantGroup;
			children = (
				84C9DF951E29C75B002E5D33 /* Base */,
			);
			name = Main.storyboard;
			sourceTree = "<group>";
		};
		84C9DF991E29C75B002E5D33 /* LaunchScreen.storyboard */ = {
			isa = PBXVariantGroup;
			children = (
				84C9DF9A1E29C75B002E5D33 /* Base */,
			);
			name = LaunchScreen.storyboard;
			sourceTree = "<group>";
		};
/* End PBXVariantGroup section */

/* Begin XCBuildConfiguration section */
		84C9DFB31E29C75B002E5D33 /* Debug */ = {
			isa = XCBuildConfiguration;
			buildSettings = {
				ALWAYS_SEARCH_USER_PATHS = NO;
				CLANG_ANALYZER_NONNULL = YES;
				CLANG_CXX_LANGUAGE_STANDARD = "gnu++0x";
				CLANG_CXX_LIBRARY = "libc++";
				CLANG_ENABLE_MODULES = YES;
				CLANG_ENABLE_OBJC_ARC = YES;
				CLANG_WARN_BOOL_CONVERSION = YES;
				CLANG_WARN_CONSTANT_CONVERSION = YES;
				CLANG_WARN_DIRECT_OBJC_ISA_USAGE = YES_ERROR;
				CLANG_WARN_DOCUMENTATION_COMMENTS = YES;
				CLANG_WARN_EMPTY_BODY = YES;
				CLANG_WARN_ENUM_CONVERSION = YES;
				CLANG_WARN_INFINITE_RECURSION = YES;
				CLANG_WARN_INT_CONVERSION = YES;
				CLANG_WARN_OBJC_ROOT_CLASS = YES_ERROR;
				CLANG_WARN_SUSPICIOUS_MOVE = YES;
				CLANG_WARN_UNREACHABLE_CODE = YES;
				CLANG_WARN__DUPLICATE_METHOD_MATCH = YES;
				"CODE_SIGN_IDENTITY[sdk=iphoneos*]" = "iPhone Developer";
				COPY_PHASE_STRIP = NO;
				DEBUG_INFORMATION_FORMAT = dwarf;
				ENABLE_STRICT_OBJC_MSGSEND = YES;
				ENABLE_TESTABILITY = YES;
				GCC_C_LANGUAGE_STANDARD = gnu99;
				GCC_DYNAMIC_NO_PIC = NO;
				GCC_NO_COMMON_BLOCKS = YES;
				GCC_OPTIMIZATION_LEVEL = 0;
				GCC_PREPROCESSOR_DEFINITIONS = (
					"DEBUG=1",
					"$(inherited)",
				);
				GCC_WARN_64_TO_32_BIT_CONVERSION = YES;
				GCC_WARN_ABOUT_RETURN_TYPE = YES_ERROR;
				GCC_WARN_UNDECLARED_SELECTOR = YES;
				GCC_WARN_UNINITIALIZED_AUTOS = YES_AGGRESSIVE;
				GCC_WARN_UNUSED_FUNCTION = YES;
				GCC_WARN_UNUSED_VARIABLE = YES;
				IPHONEOS_DEPLOYMENT_TARGET = 10.2;
				MTL_ENABLE_DEBUG_INFO = YES;
				ONLY_ACTIVE_ARCH = YES;
				SDKROOT = iphoneos;
				SWIFT_ACTIVE_COMPILATION_CONDITIONS = DEBUG;
				SWIFT_OPTIMIZATION_LEVEL = "-Onone";
				TARGETED_DEVICE_FAMILY = 2;
			};
			name = Debug;
		};
		84C9DFB41E29C75B002E5D33 /* Release */ = {
			isa = XCBuildConfiguration;
			buildSettings = {
				ALWAYS_SEARCH_USER_PATHS = NO;
				CLANG_ANALYZER_NONNULL = YES;
				CLANG_CXX_LANGUAGE_STANDARD = "gnu++0x";
				CLANG_CXX_LIBRARY = "libc++";
				CLANG_ENABLE_MODULES = YES;
				CLANG_ENABLE_OBJC_ARC = YES;
				CLANG_WARN_BOOL_CONVERSION = YES;
				CLANG_WARN_CONSTANT_CONVERSION = YES;
				CLANG_WARN_DIRECT_OBJC_ISA_USAGE = YES_ERROR;
				CLANG_WARN_DOCUMENTATION_COMMENTS = YES;
				CLANG_WARN_EMPTY_BODY = YES;
				CLANG_WARN_ENUM_CONVERSION = YES;
				CLANG_WARN_INFINITE_RECURSION = YES;
				CLANG_WARN_INT_CONVERSION = YES;
				CLANG_WARN_OBJC_ROOT_CLASS = YES_ERROR;
				CLANG_WARN_SUSPICIOUS_MOVE = YES;
				CLANG_WARN_UNREACHABLE_CODE = YES;
				CLANG_WARN__DUPLICATE_METHOD_MATCH = YES;
				"CODE_SIGN_IDENTITY[sdk=iphoneos*]" = "iPhone Developer";
				COPY_PHASE_STRIP = NO;
				DEBUG_INFORMATION_FORMAT = "dwarf-with-dsym";
				ENABLE_NS_ASSERTIONS = NO;
				ENABLE_STRICT_OBJC_MSGSEND = YES;
				GCC_C_LANGUAGE_STANDARD = gnu99;
				GCC_NO_COMMON_BLOCKS = YES;
				GCC_WARN_64_TO_32_BIT_CONVERSION = YES;
				GCC_WARN_ABOUT_RETURN_TYPE = YES_ERROR;
				GCC_WARN_UNDECLARED_SELECTOR = YES;
				GCC_WARN_UNINITIALIZED_AUTOS = YES_AGGRESSIVE;
				GCC_WARN_UNUSED_FUNCTION = YES;
				GCC_WARN_UNUSED_VARIABLE = YES;
				IPHONEOS_DEPLOYMENT_TARGET = 10.2;
				MTL_ENABLE_DEBUG_INFO = NO;
				SDKROOT = iphoneos;
				SWIFT_OPTIMIZATION_LEVEL = "-Owholemodule";
				TARGETED_DEVICE_FAMILY = 2;
				VALIDATE_PRODUCT = YES;
			};
			name = Release;
		};
		84C9DFB61E29C75B002E5D33 /* Debug */ = {
			isa = XCBuildConfiguration;
			buildSettings = {
				ASSETCATALOG_COMPILER_APPICON_NAME = AppIcon;
				DEVELOPMENT_TEAM = 8XA58BLP47;
				INFOPLIST_FILE = swaping2/Info.plist;
				LD_RUNPATH_SEARCH_PATHS = "$(inherited) @executable_path/Frameworks";
				PRODUCT_BUNDLE_IDENTIFIER = com.wexford.swaping2;
				PRODUCT_NAME = "$(TARGET_NAME)";
				SWIFT_VERSION = 3.0;
				TARGETED_DEVICE_FAMILY = "1,2";
			};
			name = Debug;
		};
		84C9DFB71E29C75B002E5D33 /* Release */ = {
			isa = XCBuildConfiguration;
			buildSettings = {
				ASSETCATALOG_COMPILER_APPICON_NAME = AppIcon;
				DEVELOPMENT_TEAM = 8XA58BLP47;
				INFOPLIST_FILE = swaping2/Info.plist;
				LD_RUNPATH_SEARCH_PATHS = "$(inherited) @executable_path/Frameworks";
				PRODUCT_BUNDLE_IDENTIFIER = com.wexford.swaping2;
				PRODUCT_NAME = "$(TARGET_NAME)";
				SWIFT_VERSION = 3.0;
				TARGETED_DEVICE_FAMILY = "1,2";
			};
			name = Release;
		};
		84C9DFB91E29C75B002E5D33 /* Debug */ = {
			isa = XCBuildConfiguration;
			buildSettings = {
				ALWAYS_EMBED_SWIFT_STANDARD_LIBRARIES = YES;
				BUNDLE_LOADER = "$(TEST_HOST)";
				DEVELOPMENT_TEAM = 8XA58BLP47;
				INFOPLIST_FILE = swaping2Tests/Info.plist;
				LD_RUNPATH_SEARCH_PATHS = "$(inherited) @executable_path/Frameworks @loader_path/Frameworks";
				PRODUCT_BUNDLE_IDENTIFIER = com.wexford.swaping2Tests;
				PRODUCT_NAME = "$(TARGET_NAME)";
				SWIFT_VERSION = 3.0;
				TEST_HOST = "$(BUILT_PRODUCTS_DIR)/swaping2.app/swaping2";
			};
			name = Debug;
		};
		84C9DFBA1E29C75B002E5D33 /* Release */ = {
			isa = XCBuildConfiguration;
			buildSettings = {
				ALWAYS_EMBED_SWIFT_STANDARD_LIBRARIES = YES;
				BUNDLE_LOADER = "$(TEST_HOST)";
				DEVELOPMENT_TEAM = 8XA58BLP47;
				INFOPLIST_FILE = swaping2Tests/Info.plist;
				LD_RUNPATH_SEARCH_PATHS = "$(inherited) @executable_path/Frameworks @loader_path/Frameworks";
				PRODUCT_BUNDLE_IDENTIFIER = com.wexford.swaping2Tests;
				PRODUCT_NAME = "$(TARGET_NAME)";
				SWIFT_VERSION = 3.0;
				TEST_HOST = "$(BUILT_PRODUCTS_DIR)/swaping2.app/swaping2";
			};
			name = Release;
		};
		84C9DFBC1E29C75B002E5D33 /* Debug */ = {
			isa = XCBuildConfiguration;
			buildSettings = {
				ALWAYS_EMBED_SWIFT_STANDARD_LIBRARIES = YES;
				DEVELOPMENT_TEAM = 8XA58BLP47;
				INFOPLIST_FILE = swaping2UITests/Info.plist;
				LD_RUNPATH_SEARCH_PATHS = "$(inherited) @executable_path/Frameworks @loader_path/Frameworks";
				PRODUCT_BUNDLE_IDENTIFIER = com.wexford.swaping2UITests;
				PRODUCT_NAME = "$(TARGET_NAME)";
				SWIFT_VERSION = 3.0;
				TEST_TARGET_NAME = swaping2;
			};
			name = Debug;
		};
		84C9DFBD1E29C75B002E5D33 /* Release */ = {
			isa = XCBuildConfiguration;
			buildSettings = {
				ALWAYS_EMBED_SWIFT_STANDARD_LIBRARIES = YES;
				DEVELOPMENT_TEAM = 8XA58BLP47;
				INFOPLIST_FILE = swaping2UITests/Info.plist;
				LD_RUNPATH_SEARCH_PATHS = "$(inherited) @executable_path/Frameworks @loader_path/Frameworks";
				PRODUCT_BUNDLE_IDENTIFIER = com.wexford.swaping2UITests;
				PRODUCT_NAME = "$(TARGET_NAME)";
				SWIFT_VERSION = 3.0;
				TEST_TARGET_NAME = swaping2;
			};
			name = Release;
		};
/* End XCBuildConfiguration section */

/* Begin XCConfigurationList section */
		84C9DF881E29C75B002E5D33 /* Build configuration list for PBXProject "swaping2" */ = {
			isa = XCConfigurationList;
			buildConfigurations = (
				84C9DFB31E29C75B002E5D33 /* Debug */,
				84C9DFB41E29C75B002E5D33 /* Release */,
			);
			defaultConfigurationIsVisible = 0;
			defaultConfigurationName = Release;
		};
		84C9DFB51E29C75B002E5D33 /* Build configuration list for PBXNativeTarget "swaping2" */ = {
			isa = XCConfigurationList;
			buildConfigurations = (
				84C9DFB61E29C75B002E5D33 /* Debug */,
				84C9DFB71E29C75B002E5D33 /* Release */,
			);
			defaultConfigurationIsVisible = 0;
			defaultConfigurationName = Release;
		};
		84C9DFB81E29C75B002E5D33 /* Build configuration list for PBXNativeTarget "swaping2Tests" */ = {
			isa = XCConfigurationList;
			buildConfigurations = (
				84C9DFB91E29C75B002E5D33 /* Debug */,
				84C9DFBA1E29C75B002E5D33 /* Release */,
			);
			defaultConfigurationIsVisible = 0;
			defaultConfigurationName = Release;
		};
		84C9DFBB1E29C75B002E5D33 /* Build configuration list for PBXNativeTarget "swaping2UITests" */ = {
			isa = XCConfigurationList;
			buildConfigurations = (
				84C9DFBC1E29C75B002E5D33 /* Debug */,
				84C9DFBD1E29C75B002E5D33 /* Release */,
			);
			defaultConfigurationIsVisible = 0;
			defaultConfigurationName = Release;
		};
/* End XCConfigurationList section */
	};
	rootObject = 84C9DF851E29C75B002E5D33 /* Project object */;
}
