// !$*UTF8*$!
{
	archiveVersion = 1;
	classes = {
	};
	objectVersion = 46;
	objects = {

/* Begin PBXBuildFile section */
		840D449D1E60D78100D693A3 /* AppDelegate.swift in Sources */ = {isa = PBXBuildFile; fileRef = 840D449C1E60D78100D693A3 /* AppDelegate.swift */; };
		840D449F1E60D78100D693A3 /* ViewController.swift in Sources */ = {isa = PBXBuildFile; fileRef = 840D449E1E60D78100D693A3 /* ViewController.swift */; };
		840D44A21E60D78100D693A3 /* Main.storyboard in Resources */ = {isa = PBXBuildFile; fileRef = 840D44A01E60D78100D693A3 /* Main.storyboard */; };
		840D44A51E60D78100D693A3 /* Prueba.xcdatamodeld in Sources */ = {isa = PBXBuildFile; fileRef = 840D44A31E60D78100D693A3 /* Prueba.xcdatamodeld */; };
		840D44A71E60D78100D693A3 /* Assets.xcassets in Resources */ = {isa = PBXBuildFile; fileRef = 840D44A61E60D78100D693A3 /* Assets.xcassets */; };
		840D44AA1E60D78100D693A3 /* LaunchScreen.storyboard in Resources */ = {isa = PBXBuildFile; fileRef = 840D44A81E60D78100D693A3 /* LaunchScreen.storyboard */; };
		840D44B51E60D78100D693A3 /* PruebaTests.swift in Sources */ = {isa = PBXBuildFile; fileRef = 840D44B41E60D78100D693A3 /* PruebaTests.swift */; };
		840D44C01E60D78200D693A3 /* PruebaUITests.swift in Sources */ = {isa = PBXBuildFile; fileRef = 840D44BF1E60D78200D693A3 /* PruebaUITests.swift */; };
/* End PBXBuildFile section */

/* Begin PBXContainerItemProxy section */
		840D44B11E60D78100D693A3 /* PBXContainerItemProxy */ = {
			isa = PBXContainerItemProxy;
			containerPortal = 840D44911E60D78100D693A3 /* Project object */;
			proxyType = 1;
			remoteGlobalIDString = 840D44981E60D78100D693A3;
			remoteInfo = Prueba;
		};
		840D44BC1E60D78200D693A3 /* PBXContainerItemProxy */ = {
			isa = PBXContainerItemProxy;
			containerPortal = 840D44911E60D78100D693A3 /* Project object */;
			proxyType = 1;
			remoteGlobalIDString = 840D44981E60D78100D693A3;
			remoteInfo = Prueba;
		};
/* End PBXContainerItemProxy section */

/* Begin PBXFileReference section */
		840D44991E60D78100D693A3 /* Prueba.app */ = {isa = PBXFileReference; explicitFileType = wrapper.application; includeInIndex = 0; path = Prueba.app; sourceTree = BUILT_PRODUCTS_DIR; };
		840D449C1E60D78100D693A3 /* AppDelegate.swift */ = {isa = PBXFileReference; lastKnownFileType = sourcecode.swift; path = AppDelegate.swift; sourceTree = "<group>"; };
		840D449E1E60D78100D693A3 /* ViewController.swift */ = {isa = PBXFileReference; lastKnownFileType = sourcecode.swift; path = ViewController.swift; sourceTree = "<group>"; };
		840D44A11E60D78100D693A3 /* Base */ = {isa = PBXFileReference; lastKnownFileType = file.storyboard; name = Base; path = Base.lproj/Main.storyboard; sourceTree = "<group>"; };
		840D44A41E60D78100D693A3 /* Prueba.xcdatamodel */ = {isa = PBXFileReference; lastKnownFileType = wrapper.xcdatamodel; path = Prueba.xcdatamodel; sourceTree = "<group>"; };
		840D44A61E60D78100D693A3 /* Assets.xcassets */ = {isa = PBXFileReference; lastKnownFileType = folder.assetcatalog; path = Assets.xcassets; sourceTree = "<group>"; };
		840D44A91E60D78100D693A3 /* Base */ = {isa = PBXFileReference; lastKnownFileType = file.storyboard; name = Base; path = Base.lproj/LaunchScreen.storyboard; sourceTree = "<group>"; };
		840D44AB1E60D78100D693A3 /* Info.plist */ = {isa = PBXFileReference; lastKnownFileType = text.plist.xml; path = Info.plist; sourceTree = "<group>"; };
		840D44B01E60D78100D693A3 /* PruebaTests.xctest */ = {isa = PBXFileReference; explicitFileType = wrapper.cfbundle; includeInIndex = 0; path = PruebaTests.xctest; sourceTree = BUILT_PRODUCTS_DIR; };
		840D44B41E60D78100D693A3 /* PruebaTests.swift */ = {isa = PBXFileReference; lastKnownFileType = sourcecode.swift; path = PruebaTests.swift; sourceTree = "<group>"; };
		840D44B61E60D78200D693A3 /* Info.plist */ = {isa = PBXFileReference; lastKnownFileType = text.plist.xml; path = Info.plist; sourceTree = "<group>"; };
		840D44BB1E60D78200D693A3 /* PruebaUITests.xctest */ = {isa = PBXFileReference; explicitFileType = wrapper.cfbundle; includeInIndex = 0; path = PruebaUITests.xctest; sourceTree = BUILT_PRODUCTS_DIR; };
		840D44BF1E60D78200D693A3 /* PruebaUITests.swift */ = {isa = PBXFileReference; lastKnownFileType = sourcecode.swift; path = PruebaUITests.swift; sourceTree = "<group>"; };
		840D44C11E60D78200D693A3 /* Info.plist */ = {isa = PBXFileReference; lastKnownFileType = text.plist.xml; path = Info.plist; sourceTree = "<group>"; };
/* End PBXFileReference section */

/* Begin PBXFrameworksBuildPhase section */
		840D44961E60D78100D693A3 /* Frameworks */ = {
			isa = PBXFrameworksBuildPhase;
			buildActionMask = 2147483647;
			files = (
			);
			runOnlyForDeploymentPostprocessing = 0;
		};
		840D44AD1E60D78100D693A3 /* Frameworks */ = {
			isa = PBXFrameworksBuildPhase;
			buildActionMask = 2147483647;
			files = (
			);
			runOnlyForDeploymentPostprocessing = 0;
		};
		840D44B81E60D78200D693A3 /* Frameworks */ = {
			isa = PBXFrameworksBuildPhase;
			buildActionMask = 2147483647;
			files = (
			);
			runOnlyForDeploymentPostprocessing = 0;
		};
/* End PBXFrameworksBuildPhase section */

/* Begin PBXGroup section */
		840D44901E60D78100D693A3 = {
			isa = PBXGroup;
			children = (
				840D449B1E60D78100D693A3 /* Prueba */,
				840D44B31E60D78100D693A3 /* PruebaTests */,
				840D44BE1E60D78200D693A3 /* PruebaUITests */,
				840D449A1E60D78100D693A3 /* Products */,
			);
			sourceTree = "<group>";
		};
		840D449A1E60D78100D693A3 /* Products */ = {
			isa = PBXGroup;
			children = (
				840D44991E60D78100D693A3 /* Prueba.app */,
				840D44B01E60D78100D693A3 /* PruebaTests.xctest */,
				840D44BB1E60D78200D693A3 /* PruebaUITests.xctest */,
			);
			name = Products;
			sourceTree = "<group>";
		};
		840D449B1E60D78100D693A3 /* Prueba */ = {
			isa = PBXGroup;
			children = (
				840D449C1E60D78100D693A3 /* AppDelegate.swift */,
				840D449E1E60D78100D693A3 /* ViewController.swift */,
				840D44A01E60D78100D693A3 /* Main.storyboard */,
				840D44A61E60D78100D693A3 /* Assets.xcassets */,
				840D44A81E60D78100D693A3 /* LaunchScreen.storyboard */,
				840D44AB1E60D78100D693A3 /* Info.plist */,
				840D44A31E60D78100D693A3 /* Prueba.xcdatamodeld */,
			);
			path = Prueba;
			sourceTree = "<group>";
		};
		840D44B31E60D78100D693A3 /* PruebaTests */ = {
			isa = PBXGroup;
			children = (
				840D44B41E60D78100D693A3 /* PruebaTests.swift */,
				840D44B61E60D78200D693A3 /* Info.plist */,
			);
			path = PruebaTests;
			sourceTree = "<group>";
		};
		840D44BE1E60D78200D693A3 /* PruebaUITests */ = {
			isa = PBXGroup;
			children = (
				840D44BF1E60D78200D693A3 /* PruebaUITests.swift */,
				840D44C11E60D78200D693A3 /* Info.plist */,
			);
			path = PruebaUITests;
			sourceTree = "<group>";
		};
/* End PBXGroup section */

/* Begin PBXNativeTarget section */
		840D44981E60D78100D693A3 /* Prueba */ = {
			isa = PBXNativeTarget;
			buildConfigurationList = 840D44C41E60D78200D693A3 /* Build configuration list for PBXNativeTarget "Prueba" */;
			buildPhases = (
				840D44951E60D78100D693A3 /* Sources */,
				840D44961E60D78100D693A3 /* Frameworks */,
				840D44971E60D78100D693A3 /* Resources */,
			);
			buildRules = (
			);
			dependencies = (
			);
			name = Prueba;
			productName = Prueba;
			productReference = 840D44991E60D78100D693A3 /* Prueba.app */;
			productType = "com.apple.product-type.application";
		};
		840D44AF1E60D78100D693A3 /* PruebaTests */ = {
			isa = PBXNativeTarget;
			buildConfigurationList = 840D44C71E60D78200D693A3 /* Build configuration list for PBXNativeTarget "PruebaTests" */;
			buildPhases = (
				840D44AC1E60D78100D693A3 /* Sources */,
				840D44AD1E60D78100D693A3 /* Frameworks */,
				840D44AE1E60D78100D693A3 /* Resources */,
			);
			buildRules = (
			);
			dependencies = (
				840D44B21E60D78100D693A3 /* PBXTargetDependency */,
			);
			name = PruebaTests;
			productName = PruebaTests;
			productReference = 840D44B01E60D78100D693A3 /* PruebaTests.xctest */;
			productType = "com.apple.product-type.bundle.unit-test";
		};
		840D44BA1E60D78200D693A3 /* PruebaUITests */ = {
			isa = PBXNativeTarget;
			buildConfigurationList = 840D44CA1E60D78200D693A3 /* Build configuration list for PBXNativeTarget "PruebaUITests" */;
			buildPhases = (
				840D44B71E60D78200D693A3 /* Sources */,
				840D44B81E60D78200D693A3 /* Frameworks */,
				840D44B91E60D78200D693A3 /* Resources */,
			);
			buildRules = (
			);
			dependencies = (
				840D44BD1E60D78200D693A3 /* PBXTargetDependency */,
			);
			name = PruebaUITests;
			productName = PruebaUITests;
			productReference = 840D44BB1E60D78200D693A3 /* PruebaUITests.xctest */;
			productType = "com.apple.product-type.bundle.ui-testing";
		};
/* End PBXNativeTarget section */

/* Begin PBXProject section */
		840D44911E60D78100D693A3 /* Project object */ = {
			isa = PBXProject;
			attributes = {
				LastSwiftUpdateCheck = 0820;
				LastUpgradeCheck = 0820;
				ORGANIZATIONNAME = "Desarrollo App Wexford";
				TargetAttributes = {
					840D44981E60D78100D693A3 = {
						CreatedOnToolsVersion = 8.2;
						DevelopmentTeam = 8XA58BLP47;
						ProvisioningStyle = Automatic;
					};
					840D44AF1E60D78100D693A3 = {
						CreatedOnToolsVersion = 8.2;
						DevelopmentTeam = 8XA58BLP47;
						ProvisioningStyle = Automatic;
						TestTargetID = 840D44981E60D78100D693A3;
					};
					840D44BA1E60D78200D693A3 = {
						CreatedOnToolsVersion = 8.2;
						DevelopmentTeam = 8XA58BLP47;
						ProvisioningStyle = Automatic;
						TestTargetID = 840D44981E60D78100D693A3;
					};
				};
			};
			buildConfigurationList = 840D44941E60D78100D693A3 /* Build configuration list for PBXProject "Prueba" */;
			compatibilityVersion = "Xcode 3.2";
			developmentRegion = English;
			hasScannedForEncodings = 0;
			knownRegions = (
				en,
				Base,
			);
			mainGroup = 840D44901E60D78100D693A3;
			productRefGroup = 840D449A1E60D78100D693A3 /* Products */;
			projectDirPath = "";
			projectRoot = "";
			targets = (
				840D44981E60D78100D693A3 /* Prueba */,
				840D44AF1E60D78100D693A3 /* PruebaTests */,
				840D44BA1E60D78200D693A3 /* PruebaUITests */,
			);
		};
/* End PBXProject section */

/* Begin PBXResourcesBuildPhase section */
		840D44971E60D78100D693A3 /* Resources */ = {
			isa = PBXResourcesBuildPhase;
			buildActionMask = 2147483647;
			files = (
				840D44AA1E60D78100D693A3 /* LaunchScreen.storyboard in Resources */,
				840D44A71E60D78100D693A3 /* Assets.xcassets in Resources */,
				840D44A21E60D78100D693A3 /* Main.storyboard in Resources */,
			);
			runOnlyForDeploymentPostprocessing = 0;
		};
		840D44AE1E60D78100D693A3 /* Resources */ = {
			isa = PBXResourcesBuildPhase;
			buildActionMask = 2147483647;
			files = (
			);
			runOnlyForDeploymentPostprocessing = 0;
		};
		840D44B91E60D78200D693A3 /* Resources */ = {
			isa = PBXResourcesBuildPhase;
			buildActionMask = 2147483647;
			files = (
			);
			runOnlyForDeploymentPostprocessing = 0;
		};
/* End PBXResourcesBuildPhase section */

/* Begin PBXSourcesBuildPhase section */
		840D44951E60D78100D693A3 /* Sources */ = {
			isa = PBXSourcesBuildPhase;
			buildActionMask = 2147483647;
			files = (
				840D449F1E60D78100D693A3 /* ViewController.swift in Sources */,
				840D449D1E60D78100D693A3 /* AppDelegate.swift in Sources */,
				840D44A51E60D78100D693A3 /* Prueba.xcdatamodeld in Sources */,
			);
			runOnlyForDeploymentPostprocessing = 0;
		};
		840D44AC1E60D78100D693A3 /* Sources */ = {
			isa = PBXSourcesBuildPhase;
			buildActionMask = 2147483647;
			files = (
				840D44B51E60D78100D693A3 /* PruebaTests.swift in Sources */,
			);
			runOnlyForDeploymentPostprocessing = 0;
		};
		840D44B71E60D78200D693A3 /* Sources */ = {
			isa = PBXSourcesBuildPhase;
			buildActionMask = 2147483647;
			files = (
				840D44C01E60D78200D693A3 /* PruebaUITests.swift in Sources */,
			);
			runOnlyForDeploymentPostprocessing = 0;
		};
/* End PBXSourcesBuildPhase section */

/* Begin PBXTargetDependency section */
		840D44B21E60D78100D693A3 /* PBXTargetDependency */ = {
			isa = PBXTargetDependency;
			target = 840D44981E60D78100D693A3 /* Prueba */;
			targetProxy = 840D44B11E60D78100D693A3 /* PBXContainerItemProxy */;
		};
		840D44BD1E60D78200D693A3 /* PBXTargetDependency */ = {
			isa = PBXTargetDependency;
			target = 840D44981E60D78100D693A3 /* Prueba */;
			targetProxy = 840D44BC1E60D78200D693A3 /* PBXContainerItemProxy */;
		};
/* End PBXTargetDependency section */

/* Begin PBXVariantGroup section */
		840D44A01E60D78100D693A3 /* Main.storyboard */ = {
			isa = PBXVariantGroup;
			children = (
				840D44A11E60D78100D693A3 /* Base */,
			);
			name = Main.storyboard;
			sourceTree = "<group>";
		};
		840D44A81E60D78100D693A3 /* LaunchScreen.storyboard */ = {
			isa = PBXVariantGroup;
			children = (
				840D44A91E60D78100D693A3 /* Base */,
			);
			name = LaunchScreen.storyboard;
			sourceTree = "<group>";
		};
/* End PBXVariantGroup section */

/* Begin XCBuildConfiguration section */
		840D44C21E60D78200D693A3 /* Debug */ = {
			isa = XCBuildConfiguration;
			buildSettings = {
				ALWAYS_SEARCH_USER_PATHS = NO;
				CLANG_ANALYZER_NONNULL = YES;
				CLANG_CXX_LANGUAGE_STANDARD = "gnu++0x";
				CLANG_CXX_LIBRARY = "libc++";
				CLANG_ENABLE_MODULES = YES;
				CLANG_ENABLE_OBJC_ARC = YES;
				CLANG_WARN_BOOL_CONVERSION = YES;
				CLANG_WARN_CONSTANT_CONVERSION = YES;
				CLANG_WARN_DIRECT_OBJC_ISA_USAGE = YES_ERROR;
				CLANG_WARN_DOCUMENTATION_COMMENTS = YES;
				CLANG_WARN_EMPTY_BODY = YES;
				CLANG_WARN_ENUM_CONVERSION = YES;
				CLANG_WARN_INFINITE_RECURSION = YES;
				CLANG_WARN_INT_CONVERSION = YES;
				CLANG_WARN_OBJC_ROOT_CLASS = YES_ERROR;
				CLANG_WARN_SUSPICIOUS_MOVE = YES;
				CLANG_WARN_UNREACHABLE_CODE = YES;
				CLANG_WARN__DUPLICATE_METHOD_MATCH = YES;
				"CODE_SIGN_IDENTITY[sdk=iphoneos*]" = "iPhone Developer";
				COPY_PHASE_STRIP = NO;
				DEBUG_INFORMATION_FORMAT = dwarf;
				ENABLE_STRICT_OBJC_MSGSEND = YES;
				ENABLE_TESTABILITY = YES;
				GCC_C_LANGUAGE_STANDARD = gnu99;
				GCC_DYNAMIC_NO_PIC = NO;
				GCC_NO_COMMON_BLOCKS = YES;
				GCC_OPTIMIZATION_LEVEL = 0;
				GCC_PREPROCESSOR_DEFINITIONS = (
					"DEBUG=1",
					"$(inherited)",
				);
				GCC_WARN_64_TO_32_BIT_CONVERSION = YES;
				GCC_WARN_ABOUT_RETURN_TYPE = YES_ERROR;
				GCC_WARN_UNDECLARED_SELECTOR = YES;
				GCC_WARN_UNINITIALIZED_AUTOS = YES_AGGRESSIVE;
				GCC_WARN_UNUSED_FUNCTION = YES;
				GCC_WARN_UNUSED_VARIABLE = YES;
				IPHONEOS_DEPLOYMENT_TARGET = 10.2;
				MTL_ENABLE_DEBUG_INFO = YES;
				ONLY_ACTIVE_ARCH = YES;
				SDKROOT = iphoneos;
				SWIFT_ACTIVE_COMPILATION_CONDITIONS = DEBUG;
				SWIFT_OPTIMIZATION_LEVEL = "-Onone";
				TARGETED_DEVICE_FAMILY = "1,2";
			};
			name = Debug;
		};
		840D44C31E60D78200D693A3 /* Release */ = {
			isa = XCBuildConfiguration;
			buildSettings = {
				ALWAYS_SEARCH_USER_PATHS = NO;
				CLANG_ANALYZER_NONNULL = YES;
				CLANG_CXX_LANGUAGE_STANDARD = "gnu++0x";
				CLANG_CXX_LIBRARY = "libc++";
				CLANG_ENABLE_MODULES = YES;
				CLANG_ENABLE_OBJC_ARC = YES;
				CLANG_WARN_BOOL_CONVERSION = YES;
				CLANG_WARN_CONSTANT_CONVERSION = YES;
				CLANG_WARN_DIRECT_OBJC_ISA_USAGE = YES_ERROR;
				CLANG_WARN_DOCUMENTATION_COMMENTS = YES;
				CLANG_WARN_EMPTY_BODY = YES;
				CLANG_WARN_ENUM_CONVERSION = YES;
				CLANG_WARN_INFINITE_RECURSION = YES;
				CLANG_WARN_INT_CONVERSION = YES;
				CLANG_WARN_OBJC_ROOT_CLASS = YES_ERROR;
				CLANG_WARN_SUSPICIOUS_MOVE = YES;
				CLANG_WARN_UNREACHABLE_CODE = YES;
				CLANG_WARN__DUPLICATE_METHOD_MATCH = YES;
				"CODE_SIGN_IDENTITY[sdk=iphoneos*]" = "iPhone Developer";
				COPY_PHASE_STRIP = NO;
				DEBUG_INFORMATION_FORMAT = "dwarf-with-dsym";
				ENABLE_NS_ASSERTIONS = NO;
				ENABLE_STRICT_OBJC_MSGSEND = YES;
				GCC_C_LANGUAGE_STANDARD = gnu99;
				GCC_NO_COMMON_BLOCKS = YES;
				GCC_WARN_64_TO_32_BIT_CONVERSION = YES;
				GCC_WARN_ABOUT_RETURN_TYPE = YES_ERROR;
				GCC_WARN_UNDECLARED_SELECTOR = YES;
				GCC_WARN_UNINITIALIZED_AUTOS = YES_AGGRESSIVE;
				GCC_WARN_UNUSED_FUNCTION = YES;
				GCC_WARN_UNUSED_VARIABLE = YES;
				IPHONEOS_DEPLOYMENT_TARGET = 10.2;
				MTL_ENABLE_DEBUG_INFO = NO;
				SDKROOT = iphoneos;
				SWIFT_OPTIMIZATION_LEVEL = "-Owholemodule";
				TARGETED_DEVICE_FAMILY = "1,2";
				VALIDATE_PRODUCT = YES;
			};
			name = Release;
		};
		840D44C51E60D78200D693A3 /* Debug */ = {
			isa = XCBuildConfiguration;
			buildSettings = {
				ASSETCATALOG_COMPILER_APPICON_NAME = AppIcon;
				DEVELOPMENT_TEAM = 8XA58BLP47;
				INFOPLIST_FILE = Prueba/Info.plist;
				LD_RUNPATH_SEARCH_PATHS = "$(inherited) @executable_path/Frameworks";
				PRODUCT_BUNDLE_IDENTIFIER = com.wexford.Prueba;
				PRODUCT_NAME = "$(TARGET_NAME)";
				SWIFT_VERSION = 3.0;
			};
			name = Debug;
		};
		840D44C61E60D78200D693A3 /* Release */ = {
			isa = XCBuildConfiguration;
			buildSettings = {
				ASSETCATALOG_COMPILER_APPICON_NAME = AppIcon;
				DEVELOPMENT_TEAM = 8XA58BLP47;
				INFOPLIST_FILE = Prueba/Info.plist;
				LD_RUNPATH_SEARCH_PATHS = "$(inherited) @executable_path/Frameworks";
				PRODUCT_BUNDLE_IDENTIFIER = com.wexford.Prueba;
				PRODUCT_NAME = "$(TARGET_NAME)";
				SWIFT_VERSION = 3.0;
			};
			name = Release;
		};
		840D44C81E60D78200D693A3 /* Debug */ = {
			isa = XCBuildConfiguration;
			buildSettings = {
				ALWAYS_EMBED_SWIFT_STANDARD_LIBRARIES = YES;
				BUNDLE_LOADER = "$(TEST_HOST)";
				DEVELOPMENT_TEAM = 8XA58BLP47;
				INFOPLIST_FILE = PruebaTests/Info.plist;
				LD_RUNPATH_SEARCH_PATHS = "$(inherited) @executable_path/Frameworks @loader_path/Frameworks";
				PRODUCT_BUNDLE_IDENTIFIER = com.wexford.PruebaTests;
				PRODUCT_NAME = "$(TARGET_NAME)";
				SWIFT_VERSION = 3.0;
				TEST_HOST = "$(BUILT_PRODUCTS_DIR)/Prueba.app/Prueba";
			};
			name = Debug;
		};
		840D44C91E60D78200D693A3 /* Release */ = {
			isa = XCBuildConfiguration;
			buildSettings = {
				ALWAYS_EMBED_SWIFT_STANDARD_LIBRARIES = YES;
				BUNDLE_LOADER = "$(TEST_HOST)";
				DEVELOPMENT_TEAM = 8XA58BLP47;
				INFOPLIST_FILE = PruebaTests/Info.plist;
				LD_RUNPATH_SEARCH_PATHS = "$(inherited) @executable_path/Frameworks @loader_path/Frameworks";
				PRODUCT_BUNDLE_IDENTIFIER = com.wexford.PruebaTests;
				PRODUCT_NAME = "$(TARGET_NAME)";
				SWIFT_VERSION = 3.0;
				TEST_HOST = "$(BUILT_PRODUCTS_DIR)/Prueba.app/Prueba";
			};
			name = Release;
		};
		840D44CB1E60D78200D693A3 /* Debug */ = {
			isa = XCBuildConfiguration;
			buildSettings = {
				ALWAYS_EMBED_SWIFT_STANDARD_LIBRARIES = YES;
				DEVELOPMENT_TEAM = 8XA58BLP47;
				INFOPLIST_FILE = PruebaUITests/Info.plist;
				LD_RUNPATH_SEARCH_PATHS = "$(inherited) @executable_path/Frameworks @loader_path/Frameworks";
				PRODUCT_BUNDLE_IDENTIFIER = com.wexford.PruebaUITests;
				PRODUCT_NAME = "$(TARGET_NAME)";
				SWIFT_VERSION = 3.0;
				TEST_TARGET_NAME = Prueba;
			};
			name = Debug;
		};
		840D44CC1E60D78200D693A3 /* Release */ = {
			isa = XCBuildConfiguration;
			buildSettings = {
				ALWAYS_EMBED_SWIFT_STANDARD_LIBRARIES = YES;
				DEVELOPMENT_TEAM = 8XA58BLP47;
				INFOPLIST_FILE = PruebaUITests/Info.plist;
				LD_RUNPATH_SEARCH_PATHS = "$(inherited) @executable_path/Frameworks @loader_path/Frameworks";
				PRODUCT_BUNDLE_IDENTIFIER = com.wexford.PruebaUITests;
				PRODUCT_NAME = "$(TARGET_NAME)";
				SWIFT_VERSION = 3.0;
				TEST_TARGET_NAME = Prueba;
			};
			name = Release;
		};
/* End XCBuildConfiguration section */

/* Begin XCConfigurationList section */
		840D44941E60D78100D693A3 /* Build configuration list for PBXProject "Prueba" */ = {
			isa = XCConfigurationList;
			buildConfigurations = (
				840D44C21E60D78200D693A3 /* Debug */,
				840D44C31E60D78200D693A3 /* Release */,
			);
			defaultConfigurationIsVisible = 0;
			defaultConfigurationName = Release;
		};
		840D44C41E60D78200D693A3 /* Build configuration list for PBXNativeTarget "Prueba" */ = {
			isa = XCConfigurationList;
			buildConfigurations = (
				840D44C51E60D78200D693A3 /* Debug */,
				840D44C61E60D78200D693A3 /* Release */,
			);
			defaultConfigurationIsVisible = 0;
		};
		840D44C71E60D78200D693A3 /* Build configuration list for PBXNativeTarget "PruebaTests" */ = {
			isa = XCConfigurationList;
			buildConfigurations = (
				840D44C81E60D78200D693A3 /* Debug */,
				840D44C91E60D78200D693A3 /* Release */,
			);
			defaultConfigurationIsVisible = 0;
		};
		840D44CA1E60D78200D693A3 /* Build configuration list for PBXNativeTarget "PruebaUITests" */ = {
			isa = XCConfigurationList;
			buildConfigurations = (
				840D44CB1E60D78200D693A3 /* Debug */,
				840D44CC1E60D78200D693A3 /* Release */,
			);
			defaultConfigurationIsVisible = 0;
		};
/* End XCConfigurationList section */

/* Begin XCVersionGroup section */
		840D44A31E60D78100D693A3 /* Prueba.xcdatamodeld */ = {
			isa = XCVersionGroup;
			children = (
				840D44A41E60D78100D693A3 /* Prueba.xcdatamodel */,
			);
			currentVersion = 840D44A41E60D78100D693A3 /* Prueba.xcdatamodel */;
			path = Prueba.xcdatamodeld;
			sourceTree = "<group>";
			versionGroupType = wrapper.xcdatamodel;
		};
/* End XCVersionGroup section */
	};
	rootObject = 840D44911E60D78100D693A3 /* Project object */;
}
